
Microsoft Visual Studio Solution File, Format Version 12.00
# Visual Studio Version 17
VisualStudioVersion = 17.7.34031.279
MinimumVisualStudioVersion = 10.0.40219.1
Project("{FAE04EC0-301F-11D3-BF4B-00C04F79EFBC}") = "MyDotNetCoreMVC", "MyDotNetCoreMVC\MyDotNetCoreMVC.csproj", "{AADA75F6-E7CC-4B09-BEA4-527FB647764F}"
EndProject
Project("{FAE04EC0-301F-11D3-BF4B-00C04F79EFBC}") = "MyDotNetCoreMVCTests", "MyDotNetCoreMVCTests\MyDotNetCoreMVCTests.csproj", "{1BAB66F1-BF8C-4FF0-8ADF-6A13E2AFD330}"
EndProject
Global
	GlobalSection(SolutionConfigurationPlatforms) = preSolution
		Debug|Any CPU = Debug|Any CPU
		Release|Any CPU = Release|Any CPU
	EndGlobalSection
	GlobalSection(ProjectConfigurationPlatforms) = postSolution
		{AADA75F6-E7CC-4B09-BEA4-527FB647764F}.Debug|Any CPU.ActiveCfg = Debug|Any CPU
		{AADA75F6-E7CC-4B09-BEA4-527FB647764F}.Debug|Any CPU.Build.0 = Debug|Any CPU
		{AADA75F6-E7CC-4B09-BEA4-527FB647764F}.Release|Any CPU.ActiveCfg = Release|Any CPU
		{AADA75F6-E7CC-4B09-BEA4-527FB647764F}.Release|Any CPU.Build.0 = Release|Any CPU
		{1BAB66F1-BF8C-4FF0-8ADF-6A13E2AFD330}.Debug|Any CPU.ActiveCfg = Debug|Any CPU
		{1BAB66F1-BF8C-4FF0-8ADF-6A13E2AFD330}.Debug|Any CPU.Build.0 = Debug|Any CPU
		{1BAB66F1-BF8C-4FF0-8ADF-6A13E2AFD330}.Release|Any CPU.ActiveCfg = Release|Any CPU
		{1BAB66F1-BF8C-4FF0-8ADF-6A13E2AFD330}.Release|Any CPU.Build.0 = Release|Any CPU
	EndGlobalSection
	GlobalSection(SolutionProperties) = preSolution
		HideSolutionNode = FALSE
	EndGlobalSection
	GlobalSection(ExtensibilityGlobals) = postSolution
		SolutionGuid = {FAE9E4F6-4D06-4EB2-8761-296177CADABE}
	EndGlobalSection
EndGlobal
